<Solution>
  <Project Path="API\API.csproj" />
  <Project Path="Application\Application.csproj" />
  <Project Path="Contracts\Contracts.csproj" />
  <Project Path="Domain\Domain.csproj" />
  <Project Path="Infrastructure\Infrastructure.csproj" />
  <Project Path="Tests/Tests.csproj" Id="846b33a0-94ad-4456-8eb7-e484c9bd3885" />
</Solution>